
Microsoft Visual Studio Solution File, Format Version 12.00
# Visual Studio Version 17
VisualStudioVersion = 17.3.32804.467
MinimumVisualStudioVersion = 10.0.40219.1
Project("{FAE04EC0-301F-11D3-BF4B-00C04F79EFBC}") = "WindowsFormsApp1", "WindowsFormsApp1\WindowsFormsApp1.csproj", "{D791F4BC-5F0C-48C0-AD19-17D4C4ECF90B}"
EndProject
Global
	GlobalSection(SolutionConfigurationPlatforms) = preSolution
		Debug|Any CPU = Debug|Any CPU
		Release|Any CPU = Release|Any CPU
	EndGlobalSection
	GlobalSection(ProjectConfigurationPlatforms) = postSolution
		{D791F4BC-5F0C-48C0-AD19-17D4C4ECF90B}.Debug|Any CPU.ActiveCfg = Debug|Any CPU
		{D791F4BC-5F0C-48C0-AD19-17D4C4ECF90B}.Debug|Any CPU.Build.0 = Debug|Any CPU
		{D791F4BC-5F0C-48C0-AD19-17D4C4ECF90B}.Release|Any CPU.ActiveCfg = Release|Any CPU
		{D791F4BC-5F0C-48C0-AD19-17D4C4ECF90B}.Release|Any CPU.Build.0 = Release|Any CPU
	EndGlobalSection
	GlobalSection(SolutionProperties) = preSolution
		HideSolutionNode = FALSE
	EndGlobalSection
	GlobalSection(ExtensibilityGlobals) = postSolution
		SolutionGuid = {DD83F1A3-12E5-4330-8C54-BC1956076F82}
	EndGlobalSection
EndGlobal
